
Microsoft Visual Studio Solution File, Format Version 12.00
# Visual Studio Version 17
VisualStudioVersion = 17.5.33530.505
MinimumVisualStudioVersion = 10.0.40219.1
Project("{9A19103F-16F7-4668-BE54-9A1E7A4F7556}") = "TelegramBot", "TelegramBot\TelegramBot.csproj", "{FB382857-8EEC-4FC2-B20C-D245F5EBCBF2}"
EndProject
Project("{FAE04EC0-301F-11D3-BF4B-00C04F79EFBC}") = "TelegramBot.Tests", "TelegramBot.Tests\TelegramBot.Tests.csproj", "{1F4499BA-0FEC-47C9-B5CE-7CFED9BE7BA0}"
EndProject
Global
	GlobalSection(SolutionConfigurationPlatforms) = preSolution
		Debug|Any CPU = Debug|Any CPU
		Release|Any CPU = Release|Any CPU
	EndGlobalSection
	GlobalSection(ProjectConfigurationPlatforms) = postSolution
		{FB382857-8EEC-4FC2-B20C-D245F5EBCBF2}.Debug|Any CPU.ActiveCfg = Debug|Any CPU
		{FB382857-8EEC-4FC2-B20C-D245F5EBCBF2}.Debug|Any CPU.Build.0 = Debug|Any CPU
		{FB382857-8EEC-4FC2-B20C-D245F5EBCBF2}.Release|Any CPU.ActiveCfg = Release|Any CPU
		{FB382857-8EEC-4FC2-B20C-D245F5EBCBF2}.Release|Any CPU.Build.0 = Release|Any CPU
		{1F4499BA-0FEC-47C9-B5CE-7CFED9BE7BA0}.Debug|Any CPU.ActiveCfg = Debug|Any CPU
		{1F4499BA-0FEC-47C9-B5CE-7CFED9BE7BA0}.Debug|Any CPU.Build.0 = Debug|Any CPU
		{1F4499BA-0FEC-47C9-B5CE-7CFED9BE7BA0}.Release|Any CPU.ActiveCfg = Release|Any CPU
		{1F4499BA-0FEC-47C9-B5CE-7CFED9BE7BA0}.Release|Any CPU.Build.0 = Release|Any CPU
	EndGlobalSection
	GlobalSection(SolutionProperties) = preSolution
		HideSolutionNode = FALSE
	EndGlobalSection
	GlobalSection(ExtensibilityGlobals) = postSolution
		SolutionGuid = {59B7F0BC-9D7C-4C34-9FA8-F6A3AA96F708}
	EndGlobalSection
EndGlobal
